// !$*UTF8*$!
{
	archiveVersion = 1;
	classes = {
	};
	objectVersion = 46;
	objects = {

/* Begin PBXBuildFile section */
		0281F79615C06BC200AA10AF /* Cocoa.framework in Frameworks */ = {isa = PBXBuildFile; fileRef = 0281F79515C06BC200AA10AF /* Cocoa.framework */; };
		0281F7A015C06BC200AA10AF /* InfoPlist.strings in Resources */ = {isa = PBXBuildFile; fileRef = 0281F79E15C06BC200AA10AF /* InfoPlist.strings */; };
		0281F7A215C06BC200AA10AF /* main.m in Sources */ = {isa = PBXBuildFile; fileRef = 0281F7A115C06BC200AA10AF /* main.m */; };
		0281F7A615C06BC200AA10AF /* Credits.rtf in Resources */ = {isa = PBXBuildFile; fileRef = 0281F7A415C06BC200AA10AF /* Credits.rtf */; };
		0281F7A915C06BC200AA10AF /* AppDelegate.m in Sources */ = {isa = PBXBuildFile; fileRef = 0281F7A815C06BC200AA10AF /* AppDelegate.m */; };
		0281F7AC15C06BC200AA10AF /* MainMenu.xib in Resources */ = {isa = PBXBuildFile; fileRef = 0281F7AA15C06BC200AA10AF /* MainMenu.xib */; };
		0281F7B415C06C3300AA10AF /* MainView.m in Sources */ = {isa = PBXBuildFile; fileRef = 0281F7B315C06C3300AA10AF /* MainView.m */; };
		0281F7B615C06E1200AA10AF /* CoreAudio.framework in Frameworks */ = {isa = PBXBuildFile; fileRef = 0281F7B515C06E1200AA10AF /* CoreAudio.framework */; };
		0281F7B815C06E1A00AA10AF /* CoreMIDI.framework in Frameworks */ = {isa = PBXBuildFile; fileRef = 0281F7B715C06E1A00AA10AF /* CoreMIDI.framework */; };
/* End PBXBuildFile section */

/* Begin PBXFileReference section */
		0281F79115C06BC200AA10AF /* pitch.app */ = {isa = PBXFileReference; explicitFileType = wrapper.application; includeInIndex = 0; path = pitch.app; sourceTree = BUILT_PRODUCTS_DIR; };
		0281F79515C06BC200AA10AF /* Cocoa.framework */ = {isa = PBXFileReference; lastKnownFileType = wrapper.framework; name = Cocoa.framework; path = System/Library/Frameworks/Cocoa.framework; sourceTree = SDKROOT; };
		0281F79815C06BC200AA10AF /* AppKit.framework */ = {isa = PBXFileReference; lastKnownFileType = wrapper.framework; name = AppKit.framework; path = System/Library/Frameworks/AppKit.framework; sourceTree = SDKROOT; };
		0281F79915C06BC200AA10AF /* CoreData.framework */ = {isa = PBXFileReference; lastKnownFileType = wrapper.framework; name = CoreData.framework; path = System/Library/Frameworks/CoreData.framework; sourceTree = SDKROOT; };
		0281F79A15C06BC200AA10AF /* Foundation.framework */ = {isa = PBXFileReference; lastKnownFileType = wrapper.framework; name = Foundation.framework; path = System/Library/Frameworks/Foundation.framework; sourceTree = SDKROOT; };
		0281F79D15C06BC200AA10AF /* pitch-Info.plist */ = {isa = PBXFileReference; lastKnownFileType = text.plist.xml; path = "pitch-Info.plist"; sourceTree = "<group>"; };
		0281F79F15C06BC200AA10AF /* en */ = {isa = PBXFileReference; lastKnownFileType = text.plist.strings; name = en; path = en.lproj/InfoPlist.strings; sourceTree = "<group>"; };
		0281F7A115C06BC200AA10AF /* main.m */ = {isa = PBXFileReference; lastKnownFileType = sourcecode.c.objc; path = main.m; sourceTree = "<group>"; };
		0281F7A315C06BC200AA10AF /* pitch-Prefix.pch */ = {isa = PBXFileReference; lastKnownFileType = sourcecode.c.h; path = "pitch-Prefix.pch"; sourceTree = "<group>"; };
		0281F7A515C06BC200AA10AF /* en */ = {isa = PBXFileReference; lastKnownFileType = text.rtf; name = en; path = en.lproj/Credits.rtf; sourceTree = "<group>"; };
		0281F7A715C06BC200AA10AF /* AppDelegate.h */ = {isa = PBXFileReference; lastKnownFileType = sourcecode.c.h; path = AppDelegate.h; sourceTree = "<group>"; };
		0281F7A815C06BC200AA10AF /* AppDelegate.m */ = {isa = PBXFileReference; lastKnownFileType = sourcecode.c.objc; path = AppDelegate.m; sourceTree = "<group>"; };
		0281F7AB15C06BC200AA10AF /* en */ = {isa = PBXFileReference; lastKnownFileType = file.xib; name = en; path = en.lproj/MainMenu.xib; sourceTree = "<group>"; };
		0281F7B215C06C3300AA10AF /* MainView.h */ = {isa = PBXFileReference; fileEncoding = 4; lastKnownFileType = sourcecode.c.h; path = MainView.h; sourceTree = "<group>"; };
		0281F7B315C06C3300AA10AF /* MainView.m */ = {isa = PBXFileReference; fileEncoding = 4; lastKnownFileType = sourcecode.c.objc; path = MainView.m; sourceTree = "<group>"; };
		0281F7B515C06E1200AA10AF /* CoreAudio.framework */ = {isa = PBXFileReference; lastKnownFileType = wrapper.framework; name = CoreAudio.framework; path = System/Library/Frameworks/CoreAudio.framework; sourceTree = SDKROOT; };
		0281F7B715C06E1A00AA10AF /* CoreMIDI.framework */ = {isa = PBXFileReference; lastKnownFileType = wrapper.framework; name = CoreMIDI.framework; path = System/Library/Frameworks/CoreMIDI.framework; sourceTree = SDKROOT; };
/* End PBXFileReference section */

/* Begin PBXFrameworksBuildPhase section */
		0281F78E15C06BC200AA10AF /* Frameworks */ = {
			isa = PBXFrameworksBuildPhase;
			buildActionMask = 2147483647;
			files = (
				0281F7B815C06E1A00AA10AF /* CoreMIDI.framework in Frameworks */,
				0281F7B615C06E1200AA10AF /* CoreAudio.framework in Frameworks */,
				0281F79615C06BC200AA10AF /* Cocoa.framework in Frameworks */,
			);
			runOnlyForDeploymentPostprocessing = 0;
		};
/* End PBXFrameworksBuildPhase section */

/* Begin PBXGroup section */
		0281F78615C06BC200AA10AF = {
			isa = PBXGroup;
			children = (
				0281F7B715C06E1A00AA10AF /* CoreMIDI.framework */,
				0281F7B515C06E1200AA10AF /* CoreAudio.framework */,
				0281F79B15C06BC200AA10AF /* pitch */,
				0281F79415C06BC200AA10AF /* Frameworks */,
				0281F79215C06BC200AA10AF /* Products */,
			);
			sourceTree = "<group>";
		};
		0281F79215C06BC200AA10AF /* Products */ = {
			isa = PBXGroup;
			children = (
				0281F79115C06BC200AA10AF /* pitch.app */,
			);
			name = Products;
			sourceTree = "<group>";
		};
		0281F79415C06BC200AA10AF /* Frameworks */ = {
			isa = PBXGroup;
			children = (
				0281F79515C06BC200AA10AF /* Cocoa.framework */,
				0281F79715C06BC200AA10AF /* Other Frameworks */,
			);
			name = Frameworks;
			sourceTree = "<group>";
		};
		0281F79715C06BC200AA10AF /* Other Frameworks */ = {
			isa = PBXGroup;
			children = (
				0281F79815C06BC200AA10AF /* AppKit.framework */,
				0281F79915C06BC200AA10AF /* CoreData.framework */,
				0281F79A15C06BC200AA10AF /* Foundation.framework */,
			);
			name = "Other Frameworks";
			sourceTree = "<group>";
		};
		0281F79B15C06BC200AA10AF /* pitch */ = {
			isa = PBXGroup;
			children = (
				0281F7A715C06BC200AA10AF /* AppDelegate.h */,
				0281F7A815C06BC200AA10AF /* AppDelegate.m */,
				0281F7AA15C06BC200AA10AF /* MainMenu.xib */,
				0281F79C15C06BC200AA10AF /* Supporting Files */,
				0281F7B215C06C3300AA10AF /* MainView.h */,
				0281F7B315C06C3300AA10AF /* MainView.m */,
			);
			path = pitch;
			sourceTree = "<group>";
		};
		0281F79C15C06BC200AA10AF /* Supporting Files */ = {
			isa = PBXGroup;
			children = (
				0281F79D15C06BC200AA10AF /* pitch-Info.plist */,
				0281F79E15C06BC200AA10AF /* InfoPlist.strings */,
				0281F7A115C06BC200AA10AF /* main.m */,
				0281F7A315C06BC200AA10AF /* pitch-Prefix.pch */,
				0281F7A415C06BC200AA10AF /* Credits.rtf */,
			);
			name = "Supporting Files";
			sourceTree = "<group>";
		};
/* End PBXGroup section */

/* Begin PBXNativeTarget section */
		0281F79015C06BC200AA10AF /* pitch */ = {
			isa = PBXNativeTarget;
			buildConfigurationList = 0281F7AF15C06BC200AA10AF /* Build configuration list for PBXNativeTarget "pitch" */;
			buildPhases = (
				0281F78D15C06BC200AA10AF /* Sources */,
				0281F78E15C06BC200AA10AF /* Frameworks */,
				0281F78F15C06BC200AA10AF /* Resources */,
			);
			buildRules = (
			);
			dependencies = (
			);
			name = pitch;
			productName = pitch;
			productReference = 0281F79115C06BC200AA10AF /* pitch.app */;
			productType = "com.apple.product-type.application";
		};
/* End PBXNativeTarget section */

/* Begin PBXProject section */
		0281F78815C06BC200AA10AF /* Project object */ = {
			isa = PBXProject;
			attributes = {
				LastUpgradeCheck = 0430;
			};
			buildConfigurationList = 0281F78B15C06BC200AA10AF /* Build configuration list for PBXProject "pitch" */;
			compatibilityVersion = "Xcode 3.2";
			developmentRegion = English;
			hasScannedForEncodings = 0;
			knownRegions = (
				en,
			);
			mainGroup = 0281F78615C06BC200AA10AF;
			productRefGroup = 0281F79215C06BC200AA10AF /* Products */;
			projectDirPath = "";
			projectRoot = "";
			targets = (
				0281F79015C06BC200AA10AF /* pitch */,
			);
		};
/* End PBXProject section */

/* Begin PBXResourcesBuildPhase section */
		0281F78F15C06BC200AA10AF /* Resources */ = {
			isa = PBXResourcesBuildPhase;
			buildActionMask = 2147483647;
			files = (
				0281F7A015C06BC200AA10AF /* InfoPlist.strings in Resources */,
				0281F7A615C06BC200AA10AF /* Credits.rtf in Resources */,
				0281F7AC15C06BC200AA10AF /* MainMenu.xib in Resources */,
			);
			runOnlyForDeploymentPostprocessing = 0;
		};
/* End PBXResourcesBuildPhase section */

/* Begin PBXSourcesBuildPhase section */
		0281F78D15C06BC200AA10AF /* Sources */ = {
			isa = PBXSourcesBuildPhase;
			buildActionMask = 2147483647;
			files = (
				0281F7A215C06BC200AA10AF /* main.m in Sources */,
				0281F7A915C06BC200AA10AF /* AppDelegate.m in Sources */,
				0281F7B415C06C3300AA10AF /* MainView.m in Sources */,
			);
			runOnlyForDeploymentPostprocessing = 0;
		};
/* End PBXSourcesBuildPhase section */

/* Begin PBXVariantGroup section */
		0281F79E15C06BC200AA10AF /* InfoPlist.strings */ = {
			isa = PBXVariantGroup;
			children = (
				0281F79F15C06BC200AA10AF /* en */,
			);
			name = InfoPlist.strings;
			sourceTree = "<group>";
		};
		0281F7A415C06BC200AA10AF /* Credits.rtf */ = {
			isa = PBXVariantGroup;
			children = (
				0281F7A515C06BC200AA10AF /* en */,
			);
			name = Credits.rtf;
			sourceTree = "<group>";
		};
		0281F7AA15C06BC200AA10AF /* MainMenu.xib */ = {
			isa = PBXVariantGroup;
			children = (
				0281F7AB15C06BC200AA10AF /* en */,
			);
			name = MainMenu.xib;
			sourceTree = "<group>";
		};
/* End PBXVariantGroup section */

/* Begin XCBuildConfiguration section */
		0281F7AD15C06BC200AA10AF /* Debug */ = {
			isa = XCBuildConfiguration;
			buildSettings = {
				ALWAYS_SEARCH_USER_PATHS = NO;
				ARCHS = "$(ARCHS_STANDARD_64_BIT)";
				COPY_PHASE_STRIP = NO;
				GCC_C_LANGUAGE_STANDARD = gnu99;
				GCC_DYNAMIC_NO_PIC = NO;
				GCC_ENABLE_OBJC_EXCEPTIONS = YES;
				GCC_OPTIMIZATION_LEVEL = 0;
				GCC_PREPROCESSOR_DEFINITIONS = (
					"DEBUG=1",
					"$(inherited)",
				);
				GCC_SYMBOLS_PRIVATE_EXTERN = NO;
				GCC_VERSION = com.apple.compilers.llvm.clang.1_0;
				GCC_WARN_64_TO_32_BIT_CONVERSION = YES;
				GCC_WARN_ABOUT_RETURN_TYPE = YES;
				GCC_WARN_UNINITIALIZED_AUTOS = YES;
				GCC_WARN_UNUSED_VARIABLE = YES;
				MACOSX_DEPLOYMENT_TARGET = 10.7;
				ONLY_ACTIVE_ARCH = YES;
				SDKROOT = macosx;
			};
			name = Debug;
		};
		0281F7AE15C06BC200AA10AF /* Release */ = {
			isa = XCBuildConfiguration;
			buildSettings = {
				ALWAYS_SEARCH_USER_PATHS = NO;
				ARCHS = "$(ARCHS_STANDARD_64_BIT)";
				COPY_PHASE_STRIP = YES;
				DEBUG_INFORMATION_FORMAT = "dwarf-with-dsym";
				GCC_C_LANGUAGE_STANDARD = gnu99;
				GCC_ENABLE_OBJC_EXCEPTIONS = YES;
				GCC_VERSION = com.apple.compilers.llvm.clang.1_0;
				GCC_WARN_64_TO_32_BIT_CONVERSION = YES;
				GCC_WARN_ABOUT_RETURN_TYPE = YES;
				GCC_WARN_UNINITIALIZED_AUTOS = YES;
				GCC_WARN_UNUSED_VARIABLE = YES;
				MACOSX_DEPLOYMENT_TARGET = 10.7;
				SDKROOT = macosx;
			};
			name = Release;
		};
		0281F7B015C06BC200AA10AF /* Debug */ = {
			isa = XCBuildConfiguration;
			buildSettings = {
				GCC_PRECOMPILE_PREFIX_HEADER = YES;
				GCC_PREFIX_HEADER = "pitch/pitch-Prefix.pch";
				INFOPLIST_FILE = "pitch/pitch-Info.plist";
				PRODUCT_NAME = "$(TARGET_NAME)";
				WRAPPER_EXTENSION = app;
			};
			name = Debug;
		};
		0281F7B115C06BC200AA10AF /* Release */ = {
			isa = XCBuildConfiguration;
			buildSettings = {
				GCC_PRECOMPILE_PREFIX_HEADER = YES;
				GCC_PREFIX_HEADER = "pitch/pitch-Prefix.pch";
				INFOPLIST_FILE = "pitch/pitch-Info.plist";
				PRODUCT_NAME = "$(TARGET_NAME)";
				WRAPPER_EXTENSION = app;
			};
			name = Release;
		};
/* End XCBuildConfiguration section */

/* Begin XCConfigurationList section */
		0281F78B15C06BC200AA10AF /* Build configuration list for PBXProject "pitch" */ = {
			isa = XCConfigurationList;
			buildConfigurations = (
				0281F7AD15C06BC200AA10AF /* Debug */,
				0281F7AE15C06BC200AA10AF /* Release */,
			);
			defaultConfigurationIsVisible = 0;
			defaultConfigurationName = Release;
		};
		0281F7AF15C06BC200AA10AF /* Build configuration list for PBXNativeTarget "pitch" */ = {
			isa = XCConfigurationList;
			buildConfigurations = (
				0281F7B015C06BC200AA10AF /* Debug */,
				0281F7B115C06BC200AA10AF /* Release */,
			);
			defaultConfigurationIsVisible = 0;
		};
/* End XCConfigurationList section */
	};
	rootObject = 0281F78815C06BC200AA10AF /* Project object */;
}
